
Microsoft Visual Studio Solution File, Format Version 12.00
# Visual Studio 15
VisualStudioVersion = 15.0.28307.106
MinimumVisualStudioVersion = 10.0.40219.1
Project("{FAE04EC0-301F-11D3-BF4B-00C04F79EFBC}") = "fwaPokerMath", "fwaPokerMath\fwaPokerMath.csproj", "{4D8CFECF-B714-401F-B227-8DA28532B910}"
EndProject
Global
	GlobalSection(SolutionConfigurationPlatforms) = preSolution
		Debug|Any CPU = Debug|Any CPU
		Release|Any CPU = Release|Any CPU
	EndGlobalSection
	GlobalSection(ProjectConfigurationPlatforms) = postSolution
		{4D8CFECF-B714-401F-B227-8DA28532B910}.Debug|Any CPU.ActiveCfg = Debug|Any CPU
		{4D8CFECF-B714-401F-B227-8DA28532B910}.Debug|Any CPU.Build.0 = Debug|Any CPU
		{4D8CFECF-B714-401F-B227-8DA28532B910}.Release|Any CPU.ActiveCfg = Release|Any CPU
		{4D8CFECF-B714-401F-B227-8DA28532B910}.Release|Any CPU.Build.0 = Release|Any CPU
	EndGlobalSection
	GlobalSection(SolutionProperties) = preSolution
		HideSolutionNode = FALSE
	EndGlobalSection
	GlobalSection(ExtensibilityGlobals) = postSolution
		SolutionGuid = {F7E13105-E602-4255-A7A4-4FB8B502E11E}
	EndGlobalSection
EndGlobal
